
Microsoft Visual Studio Solution File, Format Version 12.00
# Visual Studio Version 17
VisualStudioVersion = 17.7.34003.232
MinimumVisualStudioVersion = 10.0.40219.1
Project("{FAE04EC0-301F-11D3-BF4B-00C04F79EFBC}") = "ChavezITELEC1C", "ChavezITELEC1C\ChavezITELEC1C.csproj", "{F68FBC96-92B2-4BA8-ADC4-35EB2484DFD8}"
EndProject
Global
	GlobalSection(SolutionConfigurationPlatforms) = preSolution
		Debug|Any CPU = Debug|Any CPU
		Release|Any CPU = Release|Any CPU
	EndGlobalSection
	GlobalSection(ProjectConfigurationPlatforms) = postSolution
		{F68FBC96-92B2-4BA8-ADC4-35EB2484DFD8}.Debug|Any CPU.ActiveCfg = Debug|Any CPU
		{F68FBC96-92B2-4BA8-ADC4-35EB2484DFD8}.Debug|Any CPU.Build.0 = Debug|Any CPU
		{F68FBC96-92B2-4BA8-ADC4-35EB2484DFD8}.Release|Any CPU.ActiveCfg = Release|Any CPU
		{F68FBC96-92B2-4BA8-ADC4-35EB2484DFD8}.Release|Any CPU.Build.0 = Release|Any CPU
	EndGlobalSection
	GlobalSection(SolutionProperties) = preSolution
		HideSolutionNode = FALSE
	EndGlobalSection
	GlobalSection(ExtensibilityGlobals) = postSolution
		SolutionGuid = {74D56D23-5BA7-4220-9A3D-5AC11D331FB7}
	EndGlobalSection
EndGlobal
